
Microsoft Visual Studio Solution File, Format Version 12.00
# Visual Studio Version 16
VisualStudioVersion = 16.0.30330.147
MinimumVisualStudioVersion = 10.0.40219.1
Project("{FAE04EC0-301F-11D3-BF4B-00C04F79EFBC}") = "YAK.CLI", "YAK.CLI\YAK.CLI.csproj", "{7F5F23FF-87B5-4168-9202-7E1668C96322}"
EndProject
Global
	GlobalSection(SolutionConfigurationPlatforms) = preSolution
		Debug|Any CPU = Debug|Any CPU
		Release|Any CPU = Release|Any CPU
	EndGlobalSection
	GlobalSection(ProjectConfigurationPlatforms) = postSolution
		{7F5F23FF-87B5-4168-9202-7E1668C96322}.Debug|Any CPU.ActiveCfg = Debug|Any CPU
		{7F5F23FF-87B5-4168-9202-7E1668C96322}.Debug|Any CPU.Build.0 = Debug|Any CPU
		{7F5F23FF-87B5-4168-9202-7E1668C96322}.Release|Any CPU.ActiveCfg = Release|Any CPU
		{7F5F23FF-87B5-4168-9202-7E1668C96322}.Release|Any CPU.Build.0 = Release|Any CPU
	EndGlobalSection
	GlobalSection(SolutionProperties) = preSolution
		HideSolutionNode = FALSE
	EndGlobalSection
	GlobalSection(ExtensibilityGlobals) = postSolution
		SolutionGuid = {CCB93502-1E6C-4526-8A03-CF09C0BF29BE}
	EndGlobalSection
EndGlobal
